// !$*UTF8*$!
{
	archiveVersion = 1;
	classes = {
	};
	objectVersion = 46;
	objects = {

/* Begin PBXBuildFile section */
		4306E9581ABCD05F00A56024 /* CloudinaryFactory.m in Sources */ = {isa = PBXBuildFile; fileRef = 4306E9571ABCD05F00A56024 /* CloudinaryFactory.m */; };
		4306E95F1ABCE21C00A56024 /* AVFoundation.framework in Frameworks */ = {isa = PBXBuildFile; fileRef = 4306E9461ABCBE6600A56024 /* AVFoundation.framework */; };
		4306E9601ABCE24200A56024 /* libCloudinary.a in Frameworks */ = {isa = PBXBuildFile; fileRef = 4306E94D1ABCCEB800A56024 /* libCloudinary.a */; };
		439EE5CD1AB5109C000858D2 /* AppDelegate.swift in Sources */ = {isa = PBXBuildFile; fileRef = 439EE5CC1AB5109C000858D2 /* AppDelegate.swift */; };
		439EE5D21AB5109C000858D2 /* Main.storyboard in Resources */ = {isa = PBXBuildFile; fileRef = 439EE5D01AB5109C000858D2 /* Main.storyboard */; };
		439EE5D41AB5109C000858D2 /* Images.xcassets in Resources */ = {isa = PBXBuildFile; fileRef = 439EE5D31AB5109C000858D2 /* Images.xcassets */; };
		439EE5E31AB5109C000858D2 /* ZenFlow3Tests.swift in Sources */ = {isa = PBXBuildFile; fileRef = 439EE5E21AB5109C000858D2 /* ZenFlow3Tests.swift */; };
		439EE5ED1AB51141000858D2 /* CaptureViewController.swift in Sources */ = {isa = PBXBuildFile; fileRef = 439EE5EC1AB51141000858D2 /* CaptureViewController.swift */; };
		439EE5EF1AB51153000858D2 /* FlowViewController.swift in Sources */ = {isa = PBXBuildFile; fileRef = 439EE5EE1AB51153000858D2 /* FlowViewController.swift */; };
		439EE5F11AB531C7000858D2 /* PhotoManager.swift in Sources */ = {isa = PBXBuildFile; fileRef = 439EE5F01AB531C7000858D2 /* PhotoManager.swift */; };
		439EE5F31AB53927000858D2 /* ImageCellTableViewCell.swift in Sources */ = {isa = PBXBuildFile; fileRef = 439EE5F21AB53927000858D2 /* ImageCellTableViewCell.swift */; };
		439EE5F51AB53E20000858D2 /* StartViewController.swift in Sources */ = {isa = PBXBuildFile; fileRef = 439EE5F41AB53E20000858D2 /* StartViewController.swift */; };
		439EE5F71AB54684000858D2 /* Queue.swift in Sources */ = {isa = PBXBuildFile; fileRef = 439EE5F61AB54684000858D2 /* Queue.swift */; };
		43A9AC131ACDC95C00192381 /* Firebase.framework in Frameworks */ = {isa = PBXBuildFile; fileRef = 43A9AC121ACDC95C00192381 /* Firebase.framework */; };
		43EBD6031ACDB72D008CBB3A /* 58 - Settings.png in Resources */ = {isa = PBXBuildFile; fileRef = 43EBD5F91ACDB72D008CBB3A /* 58 - Settings.png */; };
		43EBD6041ACDB72D008CBB3A /* 76 - iPad (@1x).png in Resources */ = {isa = PBXBuildFile; fileRef = 43EBD5FA1ACDB72D008CBB3A /* 76 - iPad (@1x).png */; };
		43EBD6051ACDB72D008CBB3A /* 80 - Spotlight.png in Resources */ = {isa = PBXBuildFile; fileRef = 43EBD5FB1ACDB72D008CBB3A /* 80 - Spotlight.png */; };
		43EBD6061ACDB72D008CBB3A /* 120 - iPhone.png in Resources */ = {isa = PBXBuildFile; fileRef = 43EBD5FC1ACDB72D008CBB3A /* 120 - iPhone.png */; };
		43EBD6071ACDB72D008CBB3A /* 152 - iPad.png in Resources */ = {isa = PBXBuildFile; fileRef = 43EBD5FD1ACDB72D008CBB3A /* 152 - iPad.png */; };
		43EBD6081ACDB72D008CBB3A /* 180 - iPhone 6 Plus.png in Resources */ = {isa = PBXBuildFile; fileRef = 43EBD5FE1ACDB72D008CBB3A /* 180 - iPhone 6 Plus.png */; };
		43EBD6091ACDB72D008CBB3A /* CaptureButton.png in Resources */ = {isa = PBXBuildFile; fileRef = 43EBD5FF1ACDB72D008CBB3A /* CaptureButton.png */; };
		43EBD60A1ACDB72D008CBB3A /* CaptureButton2.png in Resources */ = {isa = PBXBuildFile; fileRef = 43EBD6001ACDB72D008CBB3A /* CaptureButton2.png */; };
		43EBD60B1ACDB72D008CBB3A /* Library.png in Resources */ = {isa = PBXBuildFile; fileRef = 43EBD6011ACDB72D008CBB3A /* Library.png */; };
		43EBD60C1ACDB72D008CBB3A /* Rotate Camera.png in Resources */ = {isa = PBXBuildFile; fileRef = 43EBD6021ACDB72D008CBB3A /* Rotate Camera.png */; };
		43FB20B41AB8DD3900DD71BD /* CaptureSessionManager.swift in Sources */ = {isa = PBXBuildFile; fileRef = 43FB20B31AB8DD3900DD71BD /* CaptureSessionManager.swift */; };
/* End PBXBuildFile section */

/* Begin PBXContainerItemProxy section */
		439EE5DD1AB5109C000858D2 /* PBXContainerItemProxy */ = {
			isa = PBXContainerItemProxy;
			containerPortal = 439EE5BF1AB5109C000858D2 /* Project object */;
			proxyType = 1;
			remoteGlobalIDString = 439EE5C61AB5109C000858D2;
			remoteInfo = ZenFlow3;
		};
/* End PBXContainerItemProxy section */

/* Begin PBXFileReference section */
		4306E9461ABCBE6600A56024 /* AVFoundation.framework */ = {isa = PBXFileReference; lastKnownFileType = wrapper.framework; name = AVFoundation.framework; path = System/Library/Frameworks/AVFoundation.framework; sourceTree = SDKROOT; };
		4306E94D1ABCCEB800A56024 /* libCloudinary.a */ = {isa = PBXFileReference; lastKnownFileType = archive.ar; path = libCloudinary.a; sourceTree = "<group>"; };
		4306E9541ABCD03300A56024 /* FrameworkBridgingHeader.h */ = {isa = PBXFileReference; lastKnownFileType = sourcecode.c.h; path = FrameworkBridgingHeader.h; sourceTree = "<group>"; };
		4306E9551ABCD04E00A56024 /* CloudinaryFactory.h */ = {isa = PBXFileReference; lastKnownFileType = sourcecode.c.h; path = CloudinaryFactory.h; sourceTree = "<group>"; };
		4306E9561ABCD05E00A56024 /* ZenFlow3-Bridging-Header.h */ = {isa = PBXFileReference; lastKnownFileType = sourcecode.c.h; path = "ZenFlow3-Bridging-Header.h"; sourceTree = "<group>"; };
		4306E9571ABCD05F00A56024 /* CloudinaryFactory.m */ = {isa = PBXFileReference; fileEncoding = 4; lastKnownFileType = sourcecode.c.objc; path = CloudinaryFactory.m; sourceTree = SOURCE_ROOT; };
		4306E95A1ABCD0F900A56024 /* CLCloudinary.h */ = {isa = PBXFileReference; fileEncoding = 4; lastKnownFileType = sourcecode.c.h; path = CLCloudinary.h; sourceTree = "<group>"; };
		4306E95B1ABCD0F900A56024 /* CLEagerTransformation.h */ = {isa = PBXFileReference; fileEncoding = 4; lastKnownFileType = sourcecode.c.h; path = CLEagerTransformation.h; sourceTree = "<group>"; };
		4306E95C1ABCD0F900A56024 /* Cloudinary.h */ = {isa = PBXFileReference; fileEncoding = 4; lastKnownFileType = sourcecode.c.h; path = Cloudinary.h; sourceTree = "<group>"; };
		4306E95D1ABCD0F900A56024 /* CLTransformation.h */ = {isa = PBXFileReference; fileEncoding = 4; lastKnownFileType = sourcecode.c.h; path = CLTransformation.h; sourceTree = "<group>"; };
		4306E95E1ABCD0F900A56024 /* CLUploader.h */ = {isa = PBXFileReference; fileEncoding = 4; lastKnownFileType = sourcecode.c.h; path = CLUploader.h; sourceTree = "<group>"; };
		439EE5C71AB5109C000858D2 /* ZenFlow3.app */ = {isa = PBXFileReference; explicitFileType = wrapper.application; includeInIndex = 0; path = ZenFlow3.app; sourceTree = BUILT_PRODUCTS_DIR; };
		439EE5CB1AB5109C000858D2 /* Info.plist */ = {isa = PBXFileReference; lastKnownFileType = text.plist.xml; path = Info.plist; sourceTree = "<group>"; };
		439EE5CC1AB5109C000858D2 /* AppDelegate.swift */ = {isa = PBXFileReference; lastKnownFileType = sourcecode.swift; path = AppDelegate.swift; sourceTree = "<group>"; };
		439EE5D11AB5109C000858D2 /* Base */ = {isa = PBXFileReference; lastKnownFileType = file.storyboard; name = Base; path = Base.lproj/Main.storyboard; sourceTree = "<group>"; };
		439EE5D31AB5109C000858D2 /* Images.xcassets */ = {isa = PBXFileReference; lastKnownFileType = folder.assetcatalog; path = Images.xcassets; sourceTree = "<group>"; };
		439EE5DC1AB5109C000858D2 /* ZenFlow3Tests.xctest */ = {isa = PBXFileReference; explicitFileType = wrapper.cfbundle; includeInIndex = 0; path = ZenFlow3Tests.xctest; sourceTree = BUILT_PRODUCTS_DIR; };
		439EE5E11AB5109C000858D2 /* Info.plist */ = {isa = PBXFileReference; lastKnownFileType = text.plist.xml; path = Info.plist; sourceTree = "<group>"; };
		439EE5E21AB5109C000858D2 /* ZenFlow3Tests.swift */ = {isa = PBXFileReference; lastKnownFileType = sourcecode.swift; path = ZenFlow3Tests.swift; sourceTree = "<group>"; };
		439EE5EC1AB51141000858D2 /* CaptureViewController.swift */ = {isa = PBXFileReference; fileEncoding = 4; lastKnownFileType = sourcecode.swift; path = CaptureViewController.swift; sourceTree = "<group>"; };
		439EE5EE1AB51153000858D2 /* FlowViewController.swift */ = {isa = PBXFileReference; fileEncoding = 4; lastKnownFileType = sourcecode.swift; path = FlowViewController.swift; sourceTree = "<group>"; };
		439EE5F01AB531C7000858D2 /* PhotoManager.swift */ = {isa = PBXFileReference; fileEncoding = 4; lastKnownFileType = sourcecode.swift; path = PhotoManager.swift; sourceTree = "<group>"; };
		439EE5F21AB53927000858D2 /* ImageCellTableViewCell.swift */ = {isa = PBXFileReference; fileEncoding = 4; lastKnownFileType = sourcecode.swift; path = ImageCellTableViewCell.swift; sourceTree = "<group>"; };
		439EE5F41AB53E20000858D2 /* StartViewController.swift */ = {isa = PBXFileReference; fileEncoding = 4; lastKnownFileType = sourcecode.swift; path = StartViewController.swift; sourceTree = "<group>"; };
		439EE5F61AB54684000858D2 /* Queue.swift */ = {isa = PBXFileReference; fileEncoding = 4; lastKnownFileType = sourcecode.swift; path = Queue.swift; sourceTree = "<group>"; };
		43A9AC121ACDC95C00192381 /* Firebase.framework */ = {isa = PBXFileReference; lastKnownFileType = wrapper.framework; path = Firebase.framework; sourceTree = "<group>"; };
		43EBD5F91ACDB72D008CBB3A /* 58 - Settings.png */ = {isa = PBXFileReference; lastKnownFileType = image.png; path = "58 - Settings.png"; sourceTree = "<group>"; };
		43EBD5FA1ACDB72D008CBB3A /* 76 - iPad (@1x).png */ = {isa = PBXFileReference; lastKnownFileType = image.png; path = "76 - iPad (@1x).png"; sourceTree = "<group>"; };
		43EBD5FB1ACDB72D008CBB3A /* 80 - Spotlight.png */ = {isa = PBXFileReference; lastKnownFileType = image.png; path = "80 - Spotlight.png"; sourceTree = "<group>"; };
		43EBD5FC1ACDB72D008CBB3A /* 120 - iPhone.png */ = {isa = PBXFileReference; lastKnownFileType = image.png; path = "120 - iPhone.png"; sourceTree = "<group>"; };
		43EBD5FD1ACDB72D008CBB3A /* 152 - iPad.png */ = {isa = PBXFileReference; lastKnownFileType = image.png; path = "152 - iPad.png"; sourceTree = "<group>"; };
		43EBD5FE1ACDB72D008CBB3A /* 180 - iPhone 6 Plus.png */ = {isa = PBXFileReference; lastKnownFileType = image.png; path = "180 - iPhone 6 Plus.png"; sourceTree = "<group>"; };
		43EBD5FF1ACDB72D008CBB3A /* CaptureButton.png */ = {isa = PBXFileReference; lastKnownFileType = image.png; path = CaptureButton.png; sourceTree = "<group>"; };
		43EBD6001ACDB72D008CBB3A /* CaptureButton2.png */ = {isa = PBXFileReference; lastKnownFileType = image.png; path = CaptureButton2.png; sourceTree = "<group>"; };
		43EBD6011ACDB72D008CBB3A /* Library.png */ = {isa = PBXFileReference; lastKnownFileType = image.png; path = Library.png; sourceTree = "<group>"; };
		43EBD6021ACDB72D008CBB3A /* Rotate Camera.png */ = {isa = PBXFileReference; lastKnownFileType = image.png; path = "Rotate Camera.png"; sourceTree = "<group>"; };
		43FB20B31AB8DD3900DD71BD /* CaptureSessionManager.swift */ = {isa = PBXFileReference; fileEncoding = 4; lastKnownFileType = sourcecode.swift; path = CaptureSessionManager.swift; sourceTree = "<group>"; };
/* End PBXFileReference section */

/* Begin PBXFrameworksBuildPhase section */
		439EE5C41AB5109C000858D2 /* Frameworks */ = {
			isa = PBXFrameworksBuildPhase;
			buildActionMask = 2147483647;
			files = (
				4306E9601ABCE24200A56024 /* libCloudinary.a in Frameworks */,
				43A9AC131ACDC95C00192381 /* Firebase.framework in Frameworks */,
				4306E95F1ABCE21C00A56024 /* AVFoundation.framework in Frameworks */,
			);
			runOnlyForDeploymentPostprocessing = 0;
		};
		439EE5D91AB5109C000858D2 /* Frameworks */ = {
			isa = PBXFrameworksBuildPhase;
			buildActionMask = 2147483647;
			files = (
			);
			runOnlyForDeploymentPostprocessing = 0;
		};
/* End PBXFrameworksBuildPhase section */

/* Begin PBXGroup section */
		4306E94F1ABCCEBD00A56024 /* Frameworks */ = {
			isa = PBXGroup;
			children = (
				43A9AC121ACDC95C00192381 /* Firebase.framework */,
				4306E94D1ABCCEB800A56024 /* libCloudinary.a */,
				4306E9461ABCBE6600A56024 /* AVFoundation.framework */,
			);
			name = Frameworks;
			sourceTree = "<group>";
		};
		4306E9591ABCD0F900A56024 /* Cloudinary */ = {
			isa = PBXGroup;
			children = (
				4306E9571ABCD05F00A56024 /* CloudinaryFactory.m */,
				4306E95A1ABCD0F900A56024 /* CLCloudinary.h */,
				4306E95B1ABCD0F900A56024 /* CLEagerTransformation.h */,
				4306E95C1ABCD0F900A56024 /* Cloudinary.h */,
				4306E95D1ABCD0F900A56024 /* CLTransformation.h */,
				4306E95E1ABCD0F900A56024 /* CLUploader.h */,
			);
			path = Cloudinary;
			sourceTree = "<group>";
		};
		439EE5BE1AB5109C000858D2 = {
			isa = PBXGroup;
			children = (
				4306E9541ABCD03300A56024 /* FrameworkBridgingHeader.h */,
				4306E9551ABCD04E00A56024 /* CloudinaryFactory.h */,
				4306E9591ABCD0F900A56024 /* Cloudinary */,
				4306E94F1ABCCEBD00A56024 /* Frameworks */,
				439EE5C91AB5109C000858D2 /* ZenFlow3 */,
				439EE5DF1AB5109C000858D2 /* ZenFlow3Tests */,
				439EE5C81AB5109C000858D2 /* Products */,
				4306E9561ABCD05E00A56024 /* ZenFlow3-Bridging-Header.h */,
			);
			sourceTree = "<group>";
		};
		439EE5C81AB5109C000858D2 /* Products */ = {
			isa = PBXGroup;
			children = (
				439EE5C71AB5109C000858D2 /* ZenFlow3.app */,
				439EE5DC1AB5109C000858D2 /* ZenFlow3Tests.xctest */,
			);
			name = Products;
			sourceTree = "<group>";
		};
		439EE5C91AB5109C000858D2 /* ZenFlow3 */ = {
			isa = PBXGroup;
			children = (
				439EE5CC1AB5109C000858D2 /* AppDelegate.swift */,
				439EE5D01AB5109C000858D2 /* Main.storyboard */,
				439EE5EC1AB51141000858D2 /* CaptureViewController.swift */,
				43FB20B31AB8DD3900DD71BD /* CaptureSessionManager.swift */,
				439EE5F01AB531C7000858D2 /* PhotoManager.swift */,
				439EE5EE1AB51153000858D2 /* FlowViewController.swift */,
				439EE5D31AB5109C000858D2 /* Images.xcassets */,
				439EE5F21AB53927000858D2 /* ImageCellTableViewCell.swift */,
				439EE5F41AB53E20000858D2 /* StartViewController.swift */,
				439EE5F61AB54684000858D2 /* Queue.swift */,
				439EE5CA1AB5109C000858D2 /* Supporting Files */,
			);
			path = ZenFlow3;
			sourceTree = "<group>";
		};
		439EE5CA1AB5109C000858D2 /* Supporting Files */ = {
			isa = PBXGroup;
			children = (
				43EBD5F91ACDB72D008CBB3A /* 58 - Settings.png */,
				43EBD5FA1ACDB72D008CBB3A /* 76 - iPad (@1x).png */,
				43EBD5FB1ACDB72D008CBB3A /* 80 - Spotlight.png */,
				43EBD5FC1ACDB72D008CBB3A /* 120 - iPhone.png */,
				43EBD5FD1ACDB72D008CBB3A /* 152 - iPad.png */,
				43EBD5FE1ACDB72D008CBB3A /* 180 - iPhone 6 Plus.png */,
				43EBD5FF1ACDB72D008CBB3A /* CaptureButton.png */,
				43EBD6001ACDB72D008CBB3A /* CaptureButton2.png */,
				43EBD6011ACDB72D008CBB3A /* Library.png */,
				43EBD6021ACDB72D008CBB3A /* Rotate Camera.png */,
				439EE5CB1AB5109C000858D2 /* Info.plist */,
			);
			name = "Supporting Files";
			sourceTree = "<group>";
		};
		439EE5DF1AB5109C000858D2 /* ZenFlow3Tests */ = {
			isa = PBXGroup;
			children = (
				439EE5E21AB5109C000858D2 /* ZenFlow3Tests.swift */,
				439EE5E01AB5109C000858D2 /* Supporting Files */,
			);
			path = ZenFlow3Tests;
			sourceTree = "<group>";
		};
		439EE5E01AB5109C000858D2 /* Supporting Files */ = {
			isa = PBXGroup;
			children = (
				439EE5E11AB5109C000858D2 /* Info.plist */,
			);
			name = "Supporting Files";
			sourceTree = "<group>";
		};
/* End PBXGroup section */

/* Begin PBXNativeTarget section */
		439EE5C61AB5109C000858D2 /* ZenFlow3 */ = {
			isa = PBXNativeTarget;
			buildConfigurationList = 439EE5E61AB5109C000858D2 /* Build configuration list for PBXNativeTarget "ZenFlow3" */;
			buildPhases = (
				439EE5C31AB5109C000858D2 /* Sources */,
				439EE5C41AB5109C000858D2 /* Frameworks */,
				439EE5C51AB5109C000858D2 /* Resources */,
			);
			buildRules = (
			);
			dependencies = (
			);
			name = ZenFlow3;
			productName = ZenFlow3;
			productReference = 439EE5C71AB5109C000858D2 /* ZenFlow3.app */;
			productType = "com.apple.product-type.application";
		};
		439EE5DB1AB5109C000858D2 /* ZenFlow3Tests */ = {
			isa = PBXNativeTarget;
			buildConfigurationList = 439EE5E91AB5109C000858D2 /* Build configuration list for PBXNativeTarget "ZenFlow3Tests" */;
			buildPhases = (
				439EE5D81AB5109C000858D2 /* Sources */,
				439EE5D91AB5109C000858D2 /* Frameworks */,
				439EE5DA1AB5109C000858D2 /* Resources */,
			);
			buildRules = (
			);
			dependencies = (
				439EE5DE1AB5109C000858D2 /* PBXTargetDependency */,
			);
			name = ZenFlow3Tests;
			productName = ZenFlow3Tests;
			productReference = 439EE5DC1AB5109C000858D2 /* ZenFlow3Tests.xctest */;
			productType = "com.apple.product-type.bundle.unit-test";
		};
/* End PBXNativeTarget section */

/* Begin PBXProject section */
		439EE5BF1AB5109C000858D2 /* Project object */ = {
			isa = PBXProject;
			attributes = {
				LastUpgradeCheck = 0620;
				ORGANIZATIONNAME = "Alexander Goddijn";
				TargetAttributes = {
					439EE5C61AB5109C000858D2 = {
						CreatedOnToolsVersion = 6.2;
						DevelopmentTeam = 2S3D8J8M3T;
					};
					439EE5DB1AB5109C000858D2 = {
						CreatedOnToolsVersion = 6.2;
						TestTargetID = 439EE5C61AB5109C000858D2;
					};
				};
			};
			buildConfigurationList = 439EE5C21AB5109C000858D2 /* Build configuration list for PBXProject "ZenFlow3" */;
			compatibilityVersion = "Xcode 3.2";
			developmentRegion = English;
			hasScannedForEncodings = 0;
			knownRegions = (
				en,
				Base,
			);
			mainGroup = 439EE5BE1AB5109C000858D2;
			productRefGroup = 439EE5C81AB5109C000858D2 /* Products */;
			projectDirPath = "";
			projectRoot = "";
			targets = (
				439EE5C61AB5109C000858D2 /* ZenFlow3 */,
				439EE5DB1AB5109C000858D2 /* ZenFlow3Tests */,
			);
		};
/* End PBXProject section */

/* Begin PBXResourcesBuildPhase section */
		439EE5C51AB5109C000858D2 /* Resources */ = {
			isa = PBXResourcesBuildPhase;
			buildActionMask = 2147483647;
			files = (
				43EBD6051ACDB72D008CBB3A /* 80 - Spotlight.png in Resources */,
				43EBD6071ACDB72D008CBB3A /* 152 - iPad.png in Resources */,
				439EE5D21AB5109C000858D2 /* Main.storyboard in Resources */,
				43EBD60A1ACDB72D008CBB3A /* CaptureButton2.png in Resources */,
				43EBD60C1ACDB72D008CBB3A /* Rotate Camera.png in Resources */,
				43EBD6041ACDB72D008CBB3A /* 76 - iPad (@1x).png in Resources */,
				43EBD60B1ACDB72D008CBB3A /* Library.png in Resources */,
				43EBD6031ACDB72D008CBB3A /* 58 - Settings.png in Resources */,
				43EBD6061ACDB72D008CBB3A /* 120 - iPhone.png in Resources */,
				439EE5D41AB5109C000858D2 /* Images.xcassets in Resources */,
				43EBD6081ACDB72D008CBB3A /* 180 - iPhone 6 Plus.png in Resources */,
				43EBD6091ACDB72D008CBB3A /* CaptureButton.png in Resources */,
			);
			runOnlyForDeploymentPostprocessing = 0;
		};
		439EE5DA1AB5109C000858D2 /* Resources */ = {
			isa = PBXResourcesBuildPhase;
			buildActionMask = 2147483647;
			files = (
			);
			runOnlyForDeploymentPostprocessing = 0;
		};
/* End PBXResourcesBuildPhase section */

/* Begin PBXSourcesBuildPhase section */
		439EE5C31AB5109C000858D2 /* Sources */ = {
			isa = PBXSourcesBuildPhase;
			buildActionMask = 2147483647;
			files = (
				4306E9581ABCD05F00A56024 /* CloudinaryFactory.m in Sources */,
				439EE5F11AB531C7000858D2 /* PhotoManager.swift in Sources */,
				43FB20B41AB8DD3900DD71BD /* CaptureSessionManager.swift in Sources */,
				439EE5F71AB54684000858D2 /* Queue.swift in Sources */,
				439EE5F31AB53927000858D2 /* ImageCellTableViewCell.swift in Sources */,
				439EE5ED1AB51141000858D2 /* CaptureViewController.swift in Sources */,
				439EE5EF1AB51153000858D2 /* FlowViewController.swift in Sources */,
				439EE5CD1AB5109C000858D2 /* AppDelegate.swift in Sources */,
				439EE5F51AB53E20000858D2 /* StartViewController.swift in Sources */,
			);
			runOnlyForDeploymentPostprocessing = 0;
		};
		439EE5D81AB5109C000858D2 /* Sources */ = {
			isa = PBXSourcesBuildPhase;
			buildActionMask = 2147483647;
			files = (
				439EE5E31AB5109C000858D2 /* ZenFlow3Tests.swift in Sources */,
			);
			runOnlyForDeploymentPostprocessing = 0;
		};
/* End PBXSourcesBuildPhase section */

/* Begin PBXTargetDependency section */
		439EE5DE1AB5109C000858D2 /* PBXTargetDependency */ = {
			isa = PBXTargetDependency;
			target = 439EE5C61AB5109C000858D2 /* ZenFlow3 */;
			targetProxy = 439EE5DD1AB5109C000858D2 /* PBXContainerItemProxy */;
		};
/* End PBXTargetDependency section */

/* Begin PBXVariantGroup section */
		439EE5D01AB5109C000858D2 /* Main.storyboard */ = {
			isa = PBXVariantGroup;
			children = (
				439EE5D11AB5109C000858D2 /* Base */,
			);
			name = Main.storyboard;
			sourceTree = "<group>";
		};
/* End PBXVariantGroup section */

/* Begin XCBuildConfiguration section */
		439EE5E41AB5109C000858D2 /* Debug */ = {
			isa = XCBuildConfiguration;
			buildSettings = {
				ALWAYS_SEARCH_USER_PATHS = NO;
				CLANG_CXX_LANGUAGE_STANDARD = "gnu++0x";
				CLANG_CXX_LIBRARY = "libc++";
				CLANG_ENABLE_MODULES = YES;
				CLANG_ENABLE_OBJC_ARC = YES;
				CLANG_WARN_BOOL_CONVERSION = YES;
				CLANG_WARN_CONSTANT_CONVERSION = YES;
				CLANG_WARN_DIRECT_OBJC_ISA_USAGE = YES_ERROR;
				CLANG_WARN_EMPTY_BODY = YES;
				CLANG_WARN_ENUM_CONVERSION = YES;
				CLANG_WARN_INT_CONVERSION = YES;
				CLANG_WARN_OBJC_ROOT_CLASS = YES_ERROR;
				CLANG_WARN_UNREACHABLE_CODE = YES;
				CLANG_WARN__DUPLICATE_METHOD_MATCH = YES;
				"CODE_SIGN_IDENTITY[sdk=iphoneos*]" = "iPhone Developer";
				COPY_PHASE_STRIP = NO;
				ENABLE_STRICT_OBJC_MSGSEND = YES;
				GCC_C_LANGUAGE_STANDARD = gnu99;
				GCC_DYNAMIC_NO_PIC = NO;
				GCC_OPTIMIZATION_LEVEL = 0;
				GCC_PREPROCESSOR_DEFINITIONS = (
					"DEBUG=1",
					"$(inherited)",
				);
				GCC_SYMBOLS_PRIVATE_EXTERN = NO;
				GCC_WARN_64_TO_32_BIT_CONVERSION = YES;
				GCC_WARN_ABOUT_RETURN_TYPE = YES_ERROR;
				GCC_WARN_UNDECLARED_SELECTOR = YES;
				GCC_WARN_UNINITIALIZED_AUTOS = YES_AGGRESSIVE;
				GCC_WARN_UNUSED_FUNCTION = YES;
				GCC_WARN_UNUSED_VARIABLE = YES;
				IPHONEOS_DEPLOYMENT_TARGET = 8.2;
				MTL_ENABLE_DEBUG_INFO = YES;
				ONLY_ACTIVE_ARCH = YES;
				SDKROOT = iphoneos;
				SWIFT_OPTIMIZATION_LEVEL = "-Onone";
				TARGETED_DEVICE_FAMILY = "1,2";
			};
			name = Debug;
		};
		439EE5E51AB5109C000858D2 /* Release */ = {
			isa = XCBuildConfiguration;
			buildSettings = {
				ALWAYS_SEARCH_USER_PATHS = NO;
				CLANG_CXX_LANGUAGE_STANDARD = "gnu++0x";
				CLANG_CXX_LIBRARY = "libc++";
				CLANG_ENABLE_MODULES = YES;
				CLANG_ENABLE_OBJC_ARC = YES;
				CLANG_WARN_BOOL_CONVERSION = YES;
				CLANG_WARN_CONSTANT_CONVERSION = YES;
				CLANG_WARN_DIRECT_OBJC_ISA_USAGE = YES_ERROR;
				CLANG_WARN_EMPTY_BODY = YES;
				CLANG_WARN_ENUM_CONVERSION = YES;
				CLANG_WARN_INT_CONVERSION = YES;
				CLANG_WARN_OBJC_ROOT_CLASS = YES_ERROR;
				CLANG_WARN_UNREACHABLE_CODE = YES;
				CLANG_WARN__DUPLICATE_METHOD_MATCH = YES;
				"CODE_SIGN_IDENTITY[sdk=iphoneos*]" = "iPhone Developer";
				COPY_PHASE_STRIP = NO;
				ENABLE_NS_ASSERTIONS = NO;
				ENABLE_STRICT_OBJC_MSGSEND = YES;
				GCC_C_LANGUAGE_STANDARD = gnu99;
				GCC_WARN_64_TO_32_BIT_CONVERSION = YES;
				GCC_WARN_ABOUT_RETURN_TYPE = YES_ERROR;
				GCC_WARN_UNDECLARED_SELECTOR = YES;
				GCC_WARN_UNINITIALIZED_AUTOS = YES_AGGRESSIVE;
				GCC_WARN_UNUSED_FUNCTION = YES;
				GCC_WARN_UNUSED_VARIABLE = YES;
				IPHONEOS_DEPLOYMENT_TARGET = 8.2;
				MTL_ENABLE_DEBUG_INFO = NO;
				SDKROOT = iphoneos;
				TARGETED_DEVICE_FAMILY = "1,2";
				VALIDATE_PRODUCT = YES;
			};
			name = Release;
		};
		439EE5E71AB5109C000858D2 /* Debug */ = {
			isa = XCBuildConfiguration;
			buildSettings = {
				ASSETCATALOG_COMPILER_APPICON_NAME = AppIcon;
				ASSETCATALOG_COMPILER_LAUNCHIMAGE_NAME = LaunchImage;
				CLANG_ENABLE_MODULES = YES;
				CODE_SIGN_IDENTITY = "iPhone Developer";
				FRAMEWORK_SEARCH_PATHS = (
					"$(inherited)",
					"$(PROJECT_DIR)",
				);
				INFOPLIST_FILE = ZenFlow3/Info.plist;
				LD_RUNPATH_SEARCH_PATHS = "$(inherited) @executable_path/Frameworks";
				LIBRARY_SEARCH_PATHS = (
					"$(inherited)",
					"$(PROJECT_DIR)",
				);
				OTHER_LDFLAGS = "";
				"OTHER_LDFLAGS[arch=*]" = (
					"-force_load",
					libCloudinary.a,
				);
				PRODUCT_NAME = ZenFlow3;
				SWIFT_OBJC_BRIDGING_HEADER = "";
				"SWIFT_OBJC_BRIDGING_HEADER[arch=*]" = FrameworkBridgingHeader.h;
				SWIFT_OPTIMIZATION_LEVEL = "-Onone";
				TARGETED_DEVICE_FAMILY = 1;
			};
			name = Debug;
		};
		439EE5E81AB5109C000858D2 /* Release */ = {
			isa = XCBuildConfiguration;
			buildSettings = {
				ASSETCATALOG_COMPILER_APPICON_NAME = AppIcon;
				ASSETCATALOG_COMPILER_LAUNCHIMAGE_NAME = LaunchImage;
				CLANG_ENABLE_MODULES = YES;
				CODE_SIGN_IDENTITY = "iPhone Developer";
				FRAMEWORK_SEARCH_PATHS = (
					"$(inherited)",
					"$(PROJECT_DIR)",
				);
				INFOPLIST_FILE = ZenFlow3/Info.plist;
				LD_RUNPATH_SEARCH_PATHS = "$(inherited) @executable_path/Frameworks";
				LIBRARY_SEARCH_PATHS = (
					"$(inherited)",
					"$(PROJECT_DIR)",
				);
				OTHER_LDFLAGS = "";
				"OTHER_LDFLAGS[arch=*]" = (
					"-force_load",
					libCloudinary.a,
				);
				PRODUCT_NAME = ZenFlow3;
				SWIFT_OBJC_BRIDGING_HEADER = "";
				"SWIFT_OBJC_BRIDGING_HEADER[arch=*]" = FrameworkBridgingHeader.h;
				TARGETED_DEVICE_FAMILY = 1;
			};
			name = Release;
		};
		439EE5EA1AB5109C000858D2 /* Debug */ = {
			isa = XCBuildConfiguration;
			buildSettings = {
				BUNDLE_LOADER = "$(TEST_HOST)";
				FRAMEWORK_SEARCH_PATHS = (
					"$(SDKROOT)/Developer/Library/Frameworks",
					"$(inherited)",
				);
				GCC_PREPROCESSOR_DEFINITIONS = (
					"DEBUG=1",
					"$(inherited)",
				);
				INFOPLIST_FILE = ZenFlow3Tests/Info.plist;
				LD_RUNPATH_SEARCH_PATHS = "$(inherited) @executable_path/Frameworks @loader_path/Frameworks";
				PRODUCT_NAME = ZenFlow3Tests;
				TEST_HOST = "$(BUILT_PRODUCTS_DIR)/ZenFlow3.app/ZenFlow3";
			};
			name = Debug;
		};
		439EE5EB1AB5109C000858D2 /* Release */ = {
			isa = XCBuildConfiguration;
			buildSettings = {
				BUNDLE_LOADER = "$(TEST_HOST)";
				FRAMEWORK_SEARCH_PATHS = (
					"$(SDKROOT)/Developer/Library/Frameworks",
					"$(inherited)",
				);
				INFOPLIST_FILE = ZenFlow3Tests/Info.plist;
				LD_RUNPATH_SEARCH_PATHS = "$(inherited) @executable_path/Frameworks @loader_path/Frameworks";
				PRODUCT_NAME = ZenFlow3Tests;
				TEST_HOST = "$(BUILT_PRODUCTS_DIR)/ZenFlow3.app/ZenFlow3";
			};
			name = Release;
		};
/* End XCBuildConfiguration section */

/* Begin XCConfigurationList section */
		439EE5C21AB5109C000858D2 /* Build configuration list for PBXProject "ZenFlow3" */ = {
			isa = XCConfigurationList;
			buildConfigurations = (
				439EE5E41AB5109C000858D2 /* Debug */,
				439EE5E51AB5109C000858D2 /* Release */,
			);
			defaultConfigurationIsVisible = 0;
			defaultConfigurationName = Release;
		};
		439EE5E61AB5109C000858D2 /* Build configuration list for PBXNativeTarget "ZenFlow3" */ = {
			isa = XCConfigurationList;
			buildConfigurations = (
				439EE5E71AB5109C000858D2 /* Debug */,
				439EE5E81AB5109C000858D2 /* Release */,
			);
			defaultConfigurationIsVisible = 0;
			defaultConfigurationName = Release;
		};
		439EE5E91AB5109C000858D2 /* Build configuration list for PBXNativeTarget "ZenFlow3Tests" */ = {
			isa = XCConfigurationList;
			buildConfigurations = (
				439EE5EA1AB5109C000858D2 /* Debug */,
				439EE5EB1AB5109C000858D2 /* Release */,
			);
			defaultConfigurationIsVisible = 0;
			defaultConfigurationName = Release;
		};
/* End XCConfigurationList section */
	};
	rootObject = 439EE5BF1AB5109C000858D2 /* Project object */;
}
